
Microsoft Visual Studio Solution File, Format Version 12.00
# Visual Studio Version 16
VisualStudioVersion = 16.0.29306.81
MinimumVisualStudioVersion = 10.0.40219.1
Project("{FAE04EC0-301F-11D3-BF4B-00C04F79EFBC}") = "PnProgram", "PnProgram\PnProgram.csproj", "{051A1300-40E1-40DA-B0C2-E05E62481665}"
EndProject
Global
	GlobalSection(SolutionConfigurationPlatforms) = preSolution
		Debug|Any CPU = Debug|Any CPU
		Release|Any CPU = Release|Any CPU
	EndGlobalSection
	GlobalSection(ProjectConfigurationPlatforms) = postSolution
		{051A1300-40E1-40DA-B0C2-E05E62481665}.Debug|Any CPU.ActiveCfg = Debug|Any CPU
		{051A1300-40E1-40DA-B0C2-E05E62481665}.Debug|Any CPU.Build.0 = Debug|Any CPU
		{051A1300-40E1-40DA-B0C2-E05E62481665}.Release|Any CPU.ActiveCfg = Release|Any CPU
		{051A1300-40E1-40DA-B0C2-E05E62481665}.Release|Any CPU.Build.0 = Release|Any CPU
	EndGlobalSection
	GlobalSection(SolutionProperties) = preSolution
		HideSolutionNode = FALSE
	EndGlobalSection
	GlobalSection(ExtensibilityGlobals) = postSolution
		SolutionGuid = {E661A3AE-85D6-483D-829C-CDCF2FC8E97A}
	EndGlobalSection
EndGlobal
